// !$*UTF8*$!
{
	archiveVersion = 1;
	classes = {
	};
	objectVersion = 46;
	objects = {

/* Begin PBXBuildFile section */
		01AB22F01B02D33000707D5D /* AppDelegate.swift in Sources */ = {isa = PBXBuildFile; fileRef = 01AB22EF1B02D33000707D5D /* AppDelegate.swift */; };
		01AB22F21B02D33000707D5D /* ViewController.swift in Sources */ = {isa = PBXBuildFile; fileRef = 01AB22F11B02D33000707D5D /* ViewController.swift */; };
		01AB22F51B02D33000707D5D /* Main.storyboard in Resources */ = {isa = PBXBuildFile; fileRef = 01AB22F31B02D33000707D5D /* Main.storyboard */; };
		01AB22F71B02D33000707D5D /* Images.xcassets in Resources */ = {isa = PBXBuildFile; fileRef = 01AB22F61B02D33000707D5D /* Images.xcassets */; };
		01AB22FA1B02D33000707D5D /* LaunchScreen.xib in Resources */ = {isa = PBXBuildFile; fileRef = 01AB22F81B02D33000707D5D /* LaunchScreen.xib */; };
		01AB23061B02D33000707D5D /* BlocstagramWatchTests.swift in Sources */ = {isa = PBXBuildFile; fileRef = 01AB23051B02D33000707D5D /* BlocstagramWatchTests.swift */; };
		01AB23101B02E02800707D5D /* TestImage.JPG in Resources */ = {isa = PBXBuildFile; fileRef = 01AB230F1B02E02800707D5D /* TestImage.JPG */; };
		01AB23121B02E32300707D5D /* PostsTableViewCell.swift in Sources */ = {isa = PBXBuildFile; fileRef = 01AB23111B02E32300707D5D /* PostsTableViewCell.swift */; };
		01FE1B811B0301AE0084AED6 /* PostsTableViewController.swift in Sources */ = {isa = PBXBuildFile; fileRef = 01FE1B801B0301AE0084AED6 /* PostsTableViewController.swift */; };
/* End PBXBuildFile section */

/* Begin PBXContainerItemProxy section */
		01AB23001B02D33000707D5D /* PBXContainerItemProxy */ = {
			isa = PBXContainerItemProxy;
			containerPortal = 01AB22E21B02D33000707D5D /* Project object */;
			proxyType = 1;
			remoteGlobalIDString = 01AB22E91B02D33000707D5D;
			remoteInfo = BlocstagramWatch;
		};
/* End PBXContainerItemProxy section */

/* Begin PBXFileReference section */
		01AB22EA1B02D33000707D5D /* BlocstagramWatch.app */ = {isa = PBXFileReference; explicitFileType = wrapper.application; includeInIndex = 0; path = BlocstagramWatch.app; sourceTree = BUILT_PRODUCTS_DIR; };
		01AB22EE1B02D33000707D5D /* Info.plist */ = {isa = PBXFileReference; lastKnownFileType = text.plist.xml; path = Info.plist; sourceTree = "<group>"; };
		01AB22EF1B02D33000707D5D /* AppDelegate.swift */ = {isa = PBXFileReference; lastKnownFileType = sourcecode.swift; path = AppDelegate.swift; sourceTree = "<group>"; };
		01AB22F11B02D33000707D5D /* ViewController.swift */ = {isa = PBXFileReference; lastKnownFileType = sourcecode.swift; path = ViewController.swift; sourceTree = "<group>"; };
		01AB22F41B02D33000707D5D /* Base */ = {isa = PBXFileReference; lastKnownFileType = file.storyboard; name = Base; path = Base.lproj/Main.storyboard; sourceTree = "<group>"; };
		01AB22F61B02D33000707D5D /* Images.xcassets */ = {isa = PBXFileReference; lastKnownFileType = folder.assetcatalog; path = Images.xcassets; sourceTree = "<group>"; };
		01AB22F91B02D33000707D5D /* Base */ = {isa = PBXFileReference; lastKnownFileType = file.xib; name = Base; path = Base.lproj/LaunchScreen.xib; sourceTree = "<group>"; };
		01AB22FF1B02D33000707D5D /* BlocstagramWatchTests.xctest */ = {isa = PBXFileReference; explicitFileType = wrapper.cfbundle; includeInIndex = 0; path = BlocstagramWatchTests.xctest; sourceTree = BUILT_PRODUCTS_DIR; };
		01AB23041B02D33000707D5D /* Info.plist */ = {isa = PBXFileReference; lastKnownFileType = text.plist.xml; path = Info.plist; sourceTree = "<group>"; };
		01AB23051B02D33000707D5D /* BlocstagramWatchTests.swift */ = {isa = PBXFileReference; lastKnownFileType = sourcecode.swift; path = BlocstagramWatchTests.swift; sourceTree = "<group>"; };
		01AB230F1B02E02800707D5D /* TestImage.JPG */ = {isa = PBXFileReference; lastKnownFileType = image.jpeg; path = TestImage.JPG; sourceTree = "<group>"; };
		01AB23111B02E32300707D5D /* PostsTableViewCell.swift */ = {isa = PBXFileReference; fileEncoding = 4; lastKnownFileType = sourcecode.swift; path = PostsTableViewCell.swift; sourceTree = "<group>"; };
		01FE1B801B0301AE0084AED6 /* PostsTableViewController.swift */ = {isa = PBXFileReference; fileEncoding = 4; lastKnownFileType = sourcecode.swift; path = PostsTableViewController.swift; sourceTree = "<group>"; };
/* End PBXFileReference section */

/* Begin PBXFrameworksBuildPhase section */
		01AB22E71B02D33000707D5D /* Frameworks */ = {
			isa = PBXFrameworksBuildPhase;
			buildActionMask = 2147483647;
			files = (
			);
			runOnlyForDeploymentPostprocessing = 0;
		};
		01AB22FC1B02D33000707D5D /* Frameworks */ = {
			isa = PBXFrameworksBuildPhase;
			buildActionMask = 2147483647;
			files = (
			);
			runOnlyForDeploymentPostprocessing = 0;
		};
/* End PBXFrameworksBuildPhase section */

/* Begin PBXGroup section */
		01AB22E11B02D33000707D5D = {
			isa = PBXGroup;
			children = (
				01AB22EC1B02D33000707D5D /* BlocstagramWatch */,
				01AB23021B02D33000707D5D /* BlocstagramWatchTests */,
				01AB22EB1B02D33000707D5D /* Products */,
			);
			sourceTree = "<group>";
		};
		01AB22EB1B02D33000707D5D /* Products */ = {
			isa = PBXGroup;
			children = (
				01AB22EA1B02D33000707D5D /* BlocstagramWatch.app */,
				01AB22FF1B02D33000707D5D /* BlocstagramWatchTests.xctest */,
			);
			name = Products;
			sourceTree = "<group>";
		};
		01AB22EC1B02D33000707D5D /* BlocstagramWatch */ = {
			isa = PBXGroup;
			children = (
				01AB22EF1B02D33000707D5D /* AppDelegate.swift */,
				01AB22F11B02D33000707D5D /* ViewController.swift */,
				01AB22F31B02D33000707D5D /* Main.storyboard */,
				01AB230F1B02E02800707D5D /* TestImage.JPG */,
				01AB22F61B02D33000707D5D /* Images.xcassets */,
				01AB22F81B02D33000707D5D /* LaunchScreen.xib */,
				01AB22ED1B02D33000707D5D /* Supporting Files */,
				01AB23111B02E32300707D5D /* PostsTableViewCell.swift */,
				01FE1B801B0301AE0084AED6 /* PostsTableViewController.swift */,
			);
			path = BlocstagramWatch;
			sourceTree = "<group>";
		};
		01AB22ED1B02D33000707D5D /* Supporting Files */ = {
			isa = PBXGroup;
			children = (
				01AB22EE1B02D33000707D5D /* Info.plist */,
			);
			name = "Supporting Files";
			sourceTree = "<group>";
		};
		01AB23021B02D33000707D5D /* BlocstagramWatchTests */ = {
			isa = PBXGroup;
			children = (
				01AB23051B02D33000707D5D /* BlocstagramWatchTests.swift */,
				01AB23031B02D33000707D5D /* Supporting Files */,
			);
			path = BlocstagramWatchTests;
			sourceTree = "<group>";
		};
		01AB23031B02D33000707D5D /* Supporting Files */ = {
			isa = PBXGroup;
			children = (
				01AB23041B02D33000707D5D /* Info.plist */,
			);
			name = "Supporting Files";
			sourceTree = "<group>";
		};
/* End PBXGroup section */

/* Begin PBXNativeTarget section */
		01AB22E91B02D33000707D5D /* BlocstagramWatch */ = {
			isa = PBXNativeTarget;
			buildConfigurationList = 01AB23091B02D33000707D5D /* Build configuration list for PBXNativeTarget "BlocstagramWatch" */;
			buildPhases = (
				01AB22E61B02D33000707D5D /* Sources */,
				01AB22E71B02D33000707D5D /* Frameworks */,
				01AB22E81B02D33000707D5D /* Resources */,
			);
			buildRules = (
			);
			dependencies = (
			);
			name = BlocstagramWatch;
			productName = BlocstagramWatch;
			productReference = 01AB22EA1B02D33000707D5D /* BlocstagramWatch.app */;
			productType = "com.apple.product-type.application";
		};
		01AB22FE1B02D33000707D5D /* BlocstagramWatchTests */ = {
			isa = PBXNativeTarget;
			buildConfigurationList = 01AB230C1B02D33000707D5D /* Build configuration list for PBXNativeTarget "BlocstagramWatchTests" */;
			buildPhases = (
				01AB22FB1B02D33000707D5D /* Sources */,
				01AB22FC1B02D33000707D5D /* Frameworks */,
				01AB22FD1B02D33000707D5D /* Resources */,
			);
			buildRules = (
			);
			dependencies = (
				01AB23011B02D33000707D5D /* PBXTargetDependency */,
			);
			name = BlocstagramWatchTests;
			productName = BlocstagramWatchTests;
			productReference = 01AB22FF1B02D33000707D5D /* BlocstagramWatchTests.xctest */;
			productType = "com.apple.product-type.bundle.unit-test";
		};
/* End PBXNativeTarget section */

/* Begin PBXProject section */
		01AB22E21B02D33000707D5D /* Project object */ = {
			isa = PBXProject;
			attributes = {
				LastUpgradeCheck = 0630;
				ORGANIZATIONNAME = RMTREKS;
				TargetAttributes = {
					01AB22E91B02D33000707D5D = {
						CreatedOnToolsVersion = 6.3.1;
						DevelopmentTeam = G57C959K73;
					};
					01AB22FE1B02D33000707D5D = {
						CreatedOnToolsVersion = 6.3.1;
						TestTargetID = 01AB22E91B02D33000707D5D;
					};
				};
			};
			buildConfigurationList = 01AB22E51B02D33000707D5D /* Build configuration list for PBXProject "BlocstagramWatch" */;
			compatibilityVersion = "Xcode 3.2";
			developmentRegion = English;
			hasScannedForEncodings = 0;
			knownRegions = (
				en,
				Base,
			);
			mainGroup = 01AB22E11B02D33000707D5D;
			productRefGroup = 01AB22EB1B02D33000707D5D /* Products */;
			projectDirPath = "";
			projectRoot = "";
			targets = (
				01AB22E91B02D33000707D5D /* BlocstagramWatch */,
				01AB22FE1B02D33000707D5D /* BlocstagramWatchTests */,
			);
		};
/* End PBXProject section */

/* Begin PBXResourcesBuildPhase section */
		01AB22E81B02D33000707D5D /* Resources */ = {
			isa = PBXResourcesBuildPhase;
			buildActionMask = 2147483647;
			files = (
				01AB23101B02E02800707D5D /* TestImage.JPG in Resources */,
				01AB22F51B02D33000707D5D /* Main.storyboard in Resources */,
				01AB22FA1B02D33000707D5D /* LaunchScreen.xib in Resources */,
				01AB22F71B02D33000707D5D /* Images.xcassets in Resources */,
			);
			runOnlyForDeploymentPostprocessing = 0;
		};
		01AB22FD1B02D33000707D5D /* Resources */ = {
			isa = PBXResourcesBuildPhase;
			buildActionMask = 2147483647;
			files = (
			);
			runOnlyForDeploymentPostprocessing = 0;
		};
/* End PBXResourcesBuildPhase section */

/* Begin PBXSourcesBuildPhase section */
		01AB22E61B02D33000707D5D /* Sources */ = {
			isa = PBXSourcesBuildPhase;
			buildActionMask = 2147483647;
			files = (
				01AB23121B02E32300707D5D /* PostsTableViewCell.swift in Sources */,
				01FE1B811B0301AE0084AED6 /* PostsTableViewController.swift in Sources */,
				01AB22F21B02D33000707D5D /* ViewController.swift in Sources */,
				01AB22F01B02D33000707D5D /* AppDelegate.swift in Sources */,
			);
			runOnlyForDeploymentPostprocessing = 0;
		};
		01AB22FB1B02D33000707D5D /* Sources */ = {
			isa = PBXSourcesBuildPhase;
			buildActionMask = 2147483647;
			files = (
				01AB23061B02D33000707D5D /* BlocstagramWatchTests.swift in Sources */,
			);
			runOnlyForDeploymentPostprocessing = 0;
		};
/* End PBXSourcesBuildPhase section */

/* Begin PBXTargetDependency section */
		01AB23011B02D33000707D5D /* PBXTargetDependency */ = {
			isa = PBXTargetDependency;
			target = 01AB22E91B02D33000707D5D /* BlocstagramWatch */;
			targetProxy = 01AB23001B02D33000707D5D /* PBXContainerItemProxy */;
		};
/* End PBXTargetDependency section */

/* Begin PBXVariantGroup section */
		01AB22F31B02D33000707D5D /* Main.storyboard */ = {
			isa = PBXVariantGroup;
			children = (
				01AB22F41B02D33000707D5D /* Base */,
			);
			name = Main.storyboard;
			sourceTree = "<group>";
		};
		01AB22F81B02D33000707D5D /* LaunchScreen.xib */ = {
			isa = PBXVariantGroup;
			children = (
				01AB22F91B02D33000707D5D /* Base */,
			);
			name = LaunchScreen.xib;
			sourceTree = "<group>";
		};
/* End PBXVariantGroup section */

/* Begin XCBuildConfiguration section */
		01AB23071B02D33000707D5D /* Debug */ = {
			isa = XCBuildConfiguration;
			buildSettings = {
				ALWAYS_SEARCH_USER_PATHS = NO;
				CLANG_CXX_LANGUAGE_STANDARD = "gnu++0x";
				CLANG_CXX_LIBRARY = "libc++";
				CLANG_ENABLE_MODULES = YES;
				CLANG_ENABLE_OBJC_ARC = YES;
				CLANG_WARN_BOOL_CONVERSION = YES;
				CLANG_WARN_CONSTANT_CONVERSION = YES;
				CLANG_WARN_DIRECT_OBJC_ISA_USAGE = YES_ERROR;
				CLANG_WARN_EMPTY_BODY = YES;
				CLANG_WARN_ENUM_CONVERSION = YES;
				CLANG_WARN_INT_CONVERSION = YES;
				CLANG_WARN_OBJC_ROOT_CLASS = YES_ERROR;
				CLANG_WARN_UNREACHABLE_CODE = YES;
				CLANG_WARN__DUPLICATE_METHOD_MATCH = YES;
				"CODE_SIGN_IDENTITY[sdk=iphoneos*]" = "iPhone Developer";
				COPY_PHASE_STRIP = NO;
				DEBUG_INFORMATION_FORMAT = "dwarf-with-dsym";
				ENABLE_STRICT_OBJC_MSGSEND = YES;
				GCC_C_LANGUAGE_STANDARD = gnu99;
				GCC_DYNAMIC_NO_PIC = NO;
				GCC_NO_COMMON_BLOCKS = YES;
				GCC_OPTIMIZATION_LEVEL = 0;
				GCC_PREPROCESSOR_DEFINITIONS = (
					"DEBUG=1",
					"$(inherited)",
				);
				GCC_SYMBOLS_PRIVATE_EXTERN = NO;
				GCC_WARN_64_TO_32_BIT_CONVERSION = YES;
				GCC_WARN_ABOUT_RETURN_TYPE = YES_ERROR;
				GCC_WARN_UNDECLARED_SELECTOR = YES;
				GCC_WARN_UNINITIALIZED_AUTOS = YES_AGGRESSIVE;
				GCC_WARN_UNUSED_FUNCTION = YES;
				GCC_WARN_UNUSED_VARIABLE = YES;
				IPHONEOS_DEPLOYMENT_TARGET = 8.3;
				MTL_ENABLE_DEBUG_INFO = YES;
				ONLY_ACTIVE_ARCH = YES;
				SDKROOT = iphoneos;
				SWIFT_OPTIMIZATION_LEVEL = "-Onone";
			};
			name = Debug;
		};
		01AB23081B02D33000707D5D /* Release */ = {
			isa = XCBuildConfiguration;
			buildSettings = {
				ALWAYS_SEARCH_USER_PATHS = NO;
				CLANG_CXX_LANGUAGE_STANDARD = "gnu++0x";
				CLANG_CXX_LIBRARY = "libc++";
				CLANG_ENABLE_MODULES = YES;
				CLANG_ENABLE_OBJC_ARC = YES;
				CLANG_WARN_BOOL_CONVERSION = YES;
				CLANG_WARN_CONSTANT_CONVERSION = YES;
				CLANG_WARN_DIRECT_OBJC_ISA_USAGE = YES_ERROR;
				CLANG_WARN_EMPTY_BODY = YES;
				CLANG_WARN_ENUM_CONVERSION = YES;
				CLANG_WARN_INT_CONVERSION = YES;
				CLANG_WARN_OBJC_ROOT_CLASS = YES_ERROR;
				CLANG_WARN_UNREACHABLE_CODE = YES;
				CLANG_WARN__DUPLICATE_METHOD_MATCH = YES;
				"CODE_SIGN_IDENTITY[sdk=iphoneos*]" = "iPhone Developer";
				COPY_PHASE_STRIP = NO;
				DEBUG_INFORMATION_FORMAT = "dwarf-with-dsym";
				ENABLE_NS_ASSERTIONS = NO;
				ENABLE_STRICT_OBJC_MSGSEND = YES;
				GCC_C_LANGUAGE_STANDARD = gnu99;
				GCC_NO_COMMON_BLOCKS = YES;
				GCC_WARN_64_TO_32_BIT_CONVERSION = YES;
				GCC_WARN_ABOUT_RETURN_TYPE = YES_ERROR;
				GCC_WARN_UNDECLARED_SELECTOR = YES;
				GCC_WARN_UNINITIALIZED_AUTOS = YES_AGGRESSIVE;
				GCC_WARN_UNUSED_FUNCTION = YES;
				GCC_WARN_UNUSED_VARIABLE = YES;
				IPHONEOS_DEPLOYMENT_TARGET = 8.3;
				MTL_ENABLE_DEBUG_INFO = NO;
				SDKROOT = iphoneos;
				VALIDATE_PRODUCT = YES;
			};
			name = Release;
		};
		01AB230A1B02D33000707D5D /* Debug */ = {
			isa = XCBuildConfiguration;
			buildSettings = {
				ASSETCATALOG_COMPILER_APPICON_NAME = AppIcon;
				CODE_SIGN_IDENTITY = "iPhone Developer";
				INFOPLIST_FILE = BlocstagramWatch/Info.plist;
				LD_RUNPATH_SEARCH_PATHS = "$(inherited) @executable_path/Frameworks";
				PRODUCT_NAME = "$(TARGET_NAME)";
			};
			name = Debug;
		};
		01AB230B1B02D33000707D5D /* Release */ = {
			isa = XCBuildConfiguration;
			buildSettings = {
				ASSETCATALOG_COMPILER_APPICON_NAME = AppIcon;
				CODE_SIGN_IDENTITY = "iPhone Developer";
				INFOPLIST_FILE = BlocstagramWatch/Info.plist;
				LD_RUNPATH_SEARCH_PATHS = "$(inherited) @executable_path/Frameworks";
				PRODUCT_NAME = "$(TARGET_NAME)";
			};
			name = Release;
		};
		01AB230D1B02D33000707D5D /* Debug */ = {
			isa = XCBuildConfiguration;
			buildSettings = {
				BUNDLE_LOADER = "$(TEST_HOST)";
				FRAMEWORK_SEARCH_PATHS = (
					"$(SDKROOT)/Developer/Library/Frameworks",
					"$(inherited)",
				);
				GCC_PREPROCESSOR_DEFINITIONS = (
					"DEBUG=1",
					"$(inherited)",
				);
				INFOPLIST_FILE = BlocstagramWatchTests/Info.plist;
				LD_RUNPATH_SEARCH_PATHS = "$(inherited) @executable_path/Frameworks @loader_path/Frameworks";
				PRODUCT_NAME = "$(TARGET_NAME)";
				TEST_HOST = "$(BUILT_PRODUCTS_DIR)/BlocstagramWatch.app/BlocstagramWatch";
			};
			name = Debug;
		};
		01AB230E1B02D33000707D5D /* Release */ = {
			isa = XCBuildConfiguration;
			buildSettings = {
				BUNDLE_LOADER = "$(TEST_HOST)";
				FRAMEWORK_SEARCH_PATHS = (
					"$(SDKROOT)/Developer/Library/Frameworks",
					"$(inherited)",
				);
				INFOPLIST_FILE = BlocstagramWatchTests/Info.plist;
				LD_RUNPATH_SEARCH_PATHS = "$(inherited) @executable_path/Frameworks @loader_path/Frameworks";
				PRODUCT_NAME = "$(TARGET_NAME)";
				TEST_HOST = "$(BUILT_PRODUCTS_DIR)/BlocstagramWatch.app/BlocstagramWatch";
			};
			name = Release;
		};
/* End XCBuildConfiguration section */

/* Begin XCConfigurationList section */
		01AB22E51B02D33000707D5D /* Build configuration list for PBXProject "BlocstagramWatch" */ = {
			isa = XCConfigurationList;
			buildConfigurations = (
				01AB23071B02D33000707D5D /* Debug */,
				01AB23081B02D33000707D5D /* Release */,
			);
			defaultConfigurationIsVisible = 0;
			defaultConfigurationName = Release;
		};
		01AB23091B02D33000707D5D /* Build configuration list for PBXNativeTarget "BlocstagramWatch" */ = {
			isa = XCConfigurationList;
			buildConfigurations = (
				01AB230A1B02D33000707D5D /* Debug */,
				01AB230B1B02D33000707D5D /* Release */,
			);
			defaultConfigurationIsVisible = 0;
			defaultConfigurationName = Release;
		};
		01AB230C1B02D33000707D5D /* Build configuration list for PBXNativeTarget "BlocstagramWatchTests" */ = {
			isa = XCConfigurationList;
			buildConfigurations = (
				01AB230D1B02D33000707D5D /* Debug */,
				01AB230E1B02D33000707D5D /* Release */,
			);
			defaultConfigurationIsVisible = 0;
			defaultConfigurationName = Release;
		};
/* End XCConfigurationList section */
	};
	rootObject = 01AB22E21B02D33000707D5D /* Project object */;
}
